
Microsoft Visual Studio Solution File, Format Version 12.00
# Visual Studio Version 17
VisualStudioVersion = 17.9.34728.123
MinimumVisualStudioVersion = 10.0.40219.1
Project("{FAE04EC0-301F-11D3-BF4B-00C04F79EFBC}") = "Models", "ClassLibrary\Models.csproj", "{768B1DCB-733C-45EE-AD36-37022345DA31}"
EndProject
Project("{FAE04EC0-301F-11D3-BF4B-00C04F79EFBC}") = "Api", "Api\Api.csproj", "{C015CB30-0E66-4AA5-BA9B-48A0F30DEEC7}"
EndProject
Global
	GlobalSection(SolutionConfigurationPlatforms) = preSolution
		Debug|Any CPU = Debug|Any CPU
		Release|Any CPU = Release|Any CPU
	EndGlobalSection
	GlobalSection(ProjectConfigurationPlatforms) = postSolution
		{768B1DCB-733C-45EE-AD36-37022345DA31}.Debug|Any CPU.ActiveCfg = Debug|Any CPU
		{768B1DCB-733C-45EE-AD36-37022345DA31}.Debug|Any CPU.Build.0 = Debug|Any CPU
		{768B1DCB-733C-45EE-AD36-37022345DA31}.Release|Any CPU.ActiveCfg = Release|Any CPU
		{768B1DCB-733C-45EE-AD36-37022345DA31}.Release|Any CPU.Build.0 = Release|Any CPU
		{C015CB30-0E66-4AA5-BA9B-48A0F30DEEC7}.Debug|Any CPU.ActiveCfg = Debug|Any CPU
		{C015CB30-0E66-4AA5-BA9B-48A0F30DEEC7}.Debug|Any CPU.Build.0 = Debug|Any CPU
		{C015CB30-0E66-4AA5-BA9B-48A0F30DEEC7}.Release|Any CPU.ActiveCfg = Release|Any CPU
		{C015CB30-0E66-4AA5-BA9B-48A0F30DEEC7}.Release|Any CPU.Build.0 = Release|Any CPU
	EndGlobalSection
	GlobalSection(SolutionProperties) = preSolution
		HideSolutionNode = FALSE
	EndGlobalSection
	GlobalSection(ExtensibilityGlobals) = postSolution
		SolutionGuid = {2FB31E87-AC37-43C3-866A-970D3F12847F}
	EndGlobalSection
EndGlobal
